
Microsoft Visual Studio Solution File, Format Version 12.00
# Visual Studio 2015
Project("{FAE04EC0-301F-11D3-BF4B-00C04F79EFBC}") = "Fish3D.CSharp", "Fish3D.CSharp.csproj", "{4392D5B0-FDBF-3CE2-A11B-164A0015A57C}"
EndProject
Project("{FAE04EC0-301F-11D3-BF4B-00C04F79EFBC}") = "Fish3D.CSharp.Editor", "Fish3D.CSharp.Editor.csproj", "{18F2D81C-3FCF-8E8B-FC03-17CCFA01DA8B}"
EndProject
Global
	GlobalSection(SolutionConfigurationPlatforms) = preSolution
		Debug|Any CPU = Debug|Any CPU
		Release|Any CPU = Release|Any CPU
	EndGlobalSection
	GlobalSection(ProjectConfigurationPlatforms) = postSolution
		{4392D5B0-FDBF-3CE2-A11B-164A0015A57C}.Debug|Any CPU.ActiveCfg = Debug|Any CPU
		{4392D5B0-FDBF-3CE2-A11B-164A0015A57C}.Debug|Any CPU.Build.0 = Debug|Any CPU
		{4392D5B0-FDBF-3CE2-A11B-164A0015A57C}.Release|Any CPU.ActiveCfg = Release|Any CPU
		{4392D5B0-FDBF-3CE2-A11B-164A0015A57C}.Release|Any CPU.Build.0 = Release|Any CPU
		{18F2D81C-3FCF-8E8B-FC03-17CCFA01DA8B}.Debug|Any CPU.ActiveCfg = Debug|Any CPU
		{18F2D81C-3FCF-8E8B-FC03-17CCFA01DA8B}.Debug|Any CPU.Build.0 = Debug|Any CPU
		{18F2D81C-3FCF-8E8B-FC03-17CCFA01DA8B}.Release|Any CPU.ActiveCfg = Release|Any CPU
		{18F2D81C-3FCF-8E8B-FC03-17CCFA01DA8B}.Release|Any CPU.Build.0 = Release|Any CPU
	EndGlobalSection
	GlobalSection(SolutionProperties) = preSolution
		HideSolutionNode = FALSE
	EndGlobalSection
EndGlobal
